// !$*UTF8*$!
{
	archiveVersion = 1;
	classes = {
	};
	objectVersion = 51;
	objects = {

/* Begin PBXBuildFile section */
		0E6E75DD2326EDC4004156C3 /* Movie.swift in Sources */ = {isa = PBXBuildFile; fileRef = 0E6E75DC2326EDC4004156C3 /* Movie.swift */; };
		0E6E75DF2326EEC4004156C3 /* Ratings.swift in Sources */ = {isa = PBXBuildFile; fileRef = 0E6E75DE2326EEC4004156C3 /* Ratings.swift */; };
		0E6E75E12326F0FD004156C3 /* README.md in Resources */ = {isa = PBXBuildFile; fileRef = 0E6E75E02326F0FD004156C3 /* README.md */; };
		0E76F9D923218C1C00AB208C /* AppDelegate.swift in Sources */ = {isa = PBXBuildFile; fileRef = 0E76F9D823218C1C00AB208C /* AppDelegate.swift */; };
		0E76F9DB23218C1C00AB208C /* SceneDelegate.swift in Sources */ = {isa = PBXBuildFile; fileRef = 0E76F9DA23218C1C00AB208C /* SceneDelegate.swift */; };
		0E76F9DD23218C1C00AB208C /* MainView.swift in Sources */ = {isa = PBXBuildFile; fileRef = 0E76F9DC23218C1C00AB208C /* MainView.swift */; };
		0E76F9DF23218C1D00AB208C /* Assets.xcassets in Resources */ = {isa = PBXBuildFile; fileRef = 0E76F9DE23218C1D00AB208C /* Assets.xcassets */; };
		0E76F9E223218C1D00AB208C /* Preview Assets.xcassets in Resources */ = {isa = PBXBuildFile; fileRef = 0E76F9E123218C1D00AB208C /* Preview Assets.xcassets */; };
		0E76F9E523218C1D00AB208C /* LaunchScreen.storyboard in Resources */ = {isa = PBXBuildFile; fileRef = 0E76F9E323218C1D00AB208C /* LaunchScreen.storyboard */; };
		0E76F9EF23218F6900AB208C /* Theme.swift in Sources */ = {isa = PBXBuildFile; fileRef = 0E76F9EE23218F6900AB208C /* Theme.swift */; };
		0E76F9F22321900900AB208C /* Color.swift in Sources */ = {isa = PBXBuildFile; fileRef = 0E76F9F12321900900AB208C /* Color.swift */; };
		0E76F9F423219A5000AB208C /* SearchView.swift in Sources */ = {isa = PBXBuildFile; fileRef = 0E76F9F323219A5000AB208C /* SearchView.swift */; };
		0E85BBF9233BD7B00029C20C /* MovieCardView.swift in Sources */ = {isa = PBXBuildFile; fileRef = 0E85BBF8233BD7B00029C20C /* MovieCardView.swift */; };
		0E85BBFC233BDA0B0029C20C /* .swiftlint.yml in Resources */ = {isa = PBXBuildFile; fileRef = 0E85BBFB233BDA0B0029C20C /* .swiftlint.yml */; };
		EBD2AC445A664979B35B75D4 /* Pods_movies.framework in Frameworks */ = {isa = PBXBuildFile; fileRef = 842921AAE0FFB41F7CC01898 /* Pods_movies.framework */; };
/* End PBXBuildFile section */

/* Begin PBXFileReference section */
		0E6E75DC2326EDC4004156C3 /* Movie.swift */ = {isa = PBXFileReference; lastKnownFileType = sourcecode.swift; path = Movie.swift; sourceTree = "<group>"; };
		0E6E75DE2326EEC4004156C3 /* Ratings.swift */ = {isa = PBXFileReference; lastKnownFileType = sourcecode.swift; path = Ratings.swift; sourceTree = "<group>"; };
		0E6E75E02326F0FD004156C3 /* README.md */ = {isa = PBXFileReference; fileEncoding = 4; lastKnownFileType = net.daringfireball.markdown; path = README.md; sourceTree = "<group>"; };
		0E76F9D523218C1C00AB208C /* movies.app */ = {isa = PBXFileReference; explicitFileType = wrapper.application; includeInIndex = 0; path = movies.app; sourceTree = BUILT_PRODUCTS_DIR; };
		0E76F9D823218C1C00AB208C /* AppDelegate.swift */ = {isa = PBXFileReference; lastKnownFileType = sourcecode.swift; path = AppDelegate.swift; sourceTree = "<group>"; };
		0E76F9DA23218C1C00AB208C /* SceneDelegate.swift */ = {isa = PBXFileReference; lastKnownFileType = sourcecode.swift; path = SceneDelegate.swift; sourceTree = "<group>"; };
		0E76F9DC23218C1C00AB208C /* MainView.swift */ = {isa = PBXFileReference; lastKnownFileType = sourcecode.swift; path = MainView.swift; sourceTree = "<group>"; };
		0E76F9DE23218C1D00AB208C /* Assets.xcassets */ = {isa = PBXFileReference; lastKnownFileType = folder.assetcatalog; path = Assets.xcassets; sourceTree = "<group>"; };
		0E76F9E123218C1D00AB208C /* Preview Assets.xcassets */ = {isa = PBXFileReference; lastKnownFileType = folder.assetcatalog; path = "Preview Assets.xcassets"; sourceTree = "<group>"; };
		0E76F9E423218C1D00AB208C /* Base */ = {isa = PBXFileReference; lastKnownFileType = file.storyboard; name = Base; path = Base.lproj/LaunchScreen.storyboard; sourceTree = "<group>"; };
		0E76F9E623218C1D00AB208C /* Info.plist */ = {isa = PBXFileReference; lastKnownFileType = text.plist.xml; path = Info.plist; sourceTree = "<group>"; };
		0E76F9EE23218F6900AB208C /* Theme.swift */ = {isa = PBXFileReference; lastKnownFileType = sourcecode.swift; path = Theme.swift; sourceTree = "<group>"; };
		0E76F9F12321900900AB208C /* Color.swift */ = {isa = PBXFileReference; lastKnownFileType = sourcecode.swift; path = Color.swift; sourceTree = "<group>"; };
		0E76F9F323219A5000AB208C /* SearchView.swift */ = {isa = PBXFileReference; lastKnownFileType = sourcecode.swift; path = SearchView.swift; sourceTree = "<group>"; };
		0E85BBF8233BD7B00029C20C /* MovieCardView.swift */ = {isa = PBXFileReference; lastKnownFileType = sourcecode.swift; path = MovieCardView.swift; sourceTree = "<group>"; };
		0E85BBFB233BDA0B0029C20C /* .swiftlint.yml */ = {isa = PBXFileReference; lastKnownFileType = text.yaml; path = .swiftlint.yml; sourceTree = "<group>"; };
		842921AAE0FFB41F7CC01898 /* Pods_movies.framework */ = {isa = PBXFileReference; explicitFileType = wrapper.framework; includeInIndex = 0; path = Pods_movies.framework; sourceTree = BUILT_PRODUCTS_DIR; };
		9F2EE0DA6877822059E8E3D7 /* Pods-movies.debug.xcconfig */ = {isa = PBXFileReference; includeInIndex = 1; lastKnownFileType = text.xcconfig; name = "Pods-movies.debug.xcconfig"; path = "Target Support Files/Pods-movies/Pods-movies.debug.xcconfig"; sourceTree = "<group>"; };
		B561255334F404730318CF16 /* Pods-movies.release.xcconfig */ = {isa = PBXFileReference; includeInIndex = 1; lastKnownFileType = text.xcconfig; name = "Pods-movies.release.xcconfig"; path = "Target Support Files/Pods-movies/Pods-movies.release.xcconfig"; sourceTree = "<group>"; };
/* End PBXFileReference section */

/* Begin PBXFrameworksBuildPhase section */
		0E76F9D223218C1C00AB208C /* Frameworks */ = {
			isa = PBXFrameworksBuildPhase;
			buildActionMask = 2147483647;
			files = (
				EBD2AC445A664979B35B75D4 /* Pods_movies.framework in Frameworks */,
			);
			runOnlyForDeploymentPostprocessing = 0;
		};
/* End PBXFrameworksBuildPhase section */

/* Begin PBXGroup section */
		0E76F9CC23218C1C00AB208C = {
			isa = PBXGroup;
			children = (
				0E85BBFB233BDA0B0029C20C /* .swiftlint.yml */,
				0E76F9D723218C1C00AB208C /* movies */,
				0E76F9D623218C1C00AB208C /* Products */,
				0E6E75E02326F0FD004156C3 /* README.md */,
				57B6AA74907BB07F8C151D03 /* Pods */,
				23F1B3216B4F47B17483877A /* Frameworks */,
			);
			sourceTree = "<group>";
		};
		0E76F9D623218C1C00AB208C /* Products */ = {
			isa = PBXGroup;
			children = (
				0E76F9D523218C1C00AB208C /* movies.app */,
			);
			name = Products;
			sourceTree = "<group>";
		};
		0E76F9D723218C1C00AB208C /* movies */ = {
			isa = PBXGroup;
			children = (
				0E76F9D823218C1C00AB208C /* AppDelegate.swift */,
				0E76F9DA23218C1C00AB208C /* SceneDelegate.swift */,
				0E76F9ED23218F5300AB208C /* Models */,
				0E76F9EC23218CD600AB208C /* Views */,
				0E76F9DE23218C1D00AB208C /* Assets.xcassets */,
				0E76F9E323218C1D00AB208C /* LaunchScreen.storyboard */,
				0E76F9E623218C1D00AB208C /* Info.plist */,
				0E76F9E023218C1D00AB208C /* Preview Content */,
			);
			path = movies;
			sourceTree = "<group>";
		};
		0E76F9E023218C1D00AB208C /* Preview Content */ = {
			isa = PBXGroup;
			children = (
				0E76F9E123218C1D00AB208C /* Preview Assets.xcassets */,
			);
			path = "Preview Content";
			sourceTree = "<group>";
		};
		0E76F9EC23218CD600AB208C /* Views */ = {
			isa = PBXGroup;
			children = (
				0E85BBF7233BCC4C0029C20C /* Movies */,
				0E76F9DC23218C1C00AB208C /* MainView.swift */,
				0E76F9F323219A5000AB208C /* SearchView.swift */,
			);
			path = Views;
			sourceTree = "<group>";
		};
		0E76F9ED23218F5300AB208C /* Models */ = {
			isa = PBXGroup;
			children = (
				0E85BBF6233BCB2B0029C20C /* Networking */,
				0E76F9EE23218F6900AB208C /* Theme.swift */,
				0E76F9F023218FFF00AB208C /* Extensions */,
				0E6E75DC2326EDC4004156C3 /* Movie.swift */,
				0E6E75DE2326EEC4004156C3 /* Ratings.swift */,
			);
			path = Models;
			sourceTree = "<group>";
		};
		0E76F9F023218FFF00AB208C /* Extensions */ = {
			isa = PBXGroup;
			children = (
				0E76F9F12321900900AB208C /* Color.swift */,
			);
			path = Extensions;
			sourceTree = "<group>";
		};
		0E85BBF6233BCB2B0029C20C /* Networking */ = {
			isa = PBXGroup;
			children = (
			);
			path = Networking;
			sourceTree = "<group>";
		};
		0E85BBF7233BCC4C0029C20C /* Movies */ = {
			isa = PBXGroup;
			children = (
				0E85BBF8233BD7B00029C20C /* MovieCardView.swift */,
			);
			path = Movies;
			sourceTree = "<group>";
		};
		23F1B3216B4F47B17483877A /* Frameworks */ = {
			isa = PBXGroup;
			children = (
				842921AAE0FFB41F7CC01898 /* Pods_movies.framework */,
			);
			name = Frameworks;
			sourceTree = "<group>";
		};
		57B6AA74907BB07F8C151D03 /* Pods */ = {
			isa = PBXGroup;
			children = (
				9F2EE0DA6877822059E8E3D7 /* Pods-movies.debug.xcconfig */,
				B561255334F404730318CF16 /* Pods-movies.release.xcconfig */,
			);
			path = Pods;
			sourceTree = "<group>";
		};
/* End PBXGroup section */

/* Begin PBXNativeTarget section */
		0E76F9D423218C1C00AB208C /* movies */ = {
			isa = PBXNativeTarget;
			buildConfigurationList = 0E76F9E923218C1D00AB208C /* Build configuration list for PBXNativeTarget "movies" */;
			buildPhases = (
				D68BDF9EEB248F1C7DF1BE04 /* [CP] Check Pods Manifest.lock */,
				0E76F9D123218C1C00AB208C /* Sources */,
				0E76F9D223218C1C00AB208C /* Frameworks */,
				0E76F9D323218C1C00AB208C /* Resources */,
				0E85BBFA233BD8BF0029C20C /* SwiftLint */,
				DE2ED4454FBA71458AA19DB7 /* [CP] Embed Pods Frameworks */,
			);
			buildRules = (
			);
			dependencies = (
			);
			name = movies;
			productName = movies;
			productReference = 0E76F9D523218C1C00AB208C /* movies.app */;
			productType = "com.apple.product-type.application";
		};
/* End PBXNativeTarget section */

/* Begin PBXProject section */
		0E76F9CD23218C1C00AB208C /* Project object */ = {
			isa = PBXProject;
			attributes = {
				LastSwiftUpdateCheck = 1100;
				LastUpgradeCheck = 1100;
				ORGANIZATIONNAME = "Nikolouzos LTD";
				TargetAttributes = {
					0E76F9D423218C1C00AB208C = {
						CreatedOnToolsVersion = 11.0;
					};
				};
			};
			buildConfigurationList = 0E76F9D023218C1C00AB208C /* Build configuration list for PBXProject "movies" */;
			compatibilityVersion = "Xcode 9.3";
			developmentRegion = en;
			hasScannedForEncodings = 0;
			knownRegions = (
				en,
				Base,
			);
			mainGroup = 0E76F9CC23218C1C00AB208C;
			productRefGroup = 0E76F9D623218C1C00AB208C /* Products */;
			projectDirPath = "";
			projectRoot = "";
			targets = (
				0E76F9D423218C1C00AB208C /* movies */,
			);
		};
/* End PBXProject section */

/* Begin PBXResourcesBuildPhase section */
		0E76F9D323218C1C00AB208C /* Resources */ = {
			isa = PBXResourcesBuildPhase;
			buildActionMask = 2147483647;
			files = (
				0E85BBFC233BDA0B0029C20C /* .swiftlint.yml in Resources */,
				0E76F9E523218C1D00AB208C /* LaunchScreen.storyboard in Resources */,
				0E76F9E223218C1D00AB208C /* Preview Assets.xcassets in Resources */,
				0E6E75E12326F0FD004156C3 /* README.md in Resources */,
				0E76F9DF23218C1D00AB208C /* Assets.xcassets in Resources */,
			);
			runOnlyForDeploymentPostprocessing = 0;
		};
/* End PBXResourcesBuildPhase section */

/* Begin PBXShellScriptBuildPhase section */
		0E85BBFA233BD8BF0029C20C /* SwiftLint */ = {
			isa = PBXShellScriptBuildPhase;
			buildActionMask = 2147483647;
			files = (
			);
			inputFileListPaths = (
			);
			inputPaths = (
			);
			name = SwiftLint;
			outputFileListPaths = (
			);
			outputPaths = (
			);
			runOnlyForDeploymentPostprocessing = 0;
			shellPath = /bin/sh;
			shellScript = "if which swiftlint >/dev/null; then\n  swiftlint\nelse\n  echo \"warning: SwiftLint not installed, download from https://github.com/realm/SwiftLint\"\nfi\n";
		};
		D68BDF9EEB248F1C7DF1BE04 /* [CP] Check Pods Manifest.lock */ = {
			isa = PBXShellScriptBuildPhase;
			buildActionMask = 2147483647;
			files = (
			);
			inputFileListPaths = (
			);
			inputPaths = (
				"${PODS_PODFILE_DIR_PATH}/Podfile.lock",
				"${PODS_ROOT}/Manifest.lock",
			);
			name = "[CP] Check Pods Manifest.lock";
			outputFileListPaths = (
			);
			outputPaths = (
				"$(DERIVED_FILE_DIR)/Pods-movies-checkManifestLockResult.txt",
			);
			runOnlyForDeploymentPostprocessing = 0;
			shellPath = /bin/sh;
			shellScript = "diff \"${PODS_PODFILE_DIR_PATH}/Podfile.lock\" \"${PODS_ROOT}/Manifest.lock\" > /dev/null\nif [ $? != 0 ] ; then\n    # print error to STDERR\n    echo \"error: The sandbox is not in sync with the Podfile.lock. Run 'pod install' or update your CocoaPods installation.\" >&2\n    exit 1\nfi\n# This output is used by Xcode 'outputs' to avoid re-running this script phase.\necho \"SUCCESS\" > \"${SCRIPT_OUTPUT_FILE_0}\"\n";
			showEnvVarsInLog = 0;
		};
		DE2ED4454FBA71458AA19DB7 /* [CP] Embed Pods Frameworks */ = {
			isa = PBXShellScriptBuildPhase;
			buildActionMask = 2147483647;
			files = (
			);
			inputFileListPaths = (
				"${PODS_ROOT}/Target Support Files/Pods-movies/Pods-movies-frameworks-${CONFIGURATION}-input-files.xcfilelist",
			);
			name = "[CP] Embed Pods Frameworks";
			outputFileListPaths = (
				"${PODS_ROOT}/Target Support Files/Pods-movies/Pods-movies-frameworks-${CONFIGURATION}-output-files.xcfilelist",
			);
			runOnlyForDeploymentPostprocessing = 0;
			shellPath = /bin/sh;
			shellScript = "\"${PODS_ROOT}/Target Support Files/Pods-movies/Pods-movies-frameworks.sh\"\n";
			showEnvVarsInLog = 0;
		};
/* End PBXShellScriptBuildPhase section */

/* Begin PBXSourcesBuildPhase section */
		0E76F9D123218C1C00AB208C /* Sources */ = {
			isa = PBXSourcesBuildPhase;
			buildActionMask = 2147483647;
			files = (
				0E6E75DF2326EEC4004156C3 /* Ratings.swift in Sources */,
				0E6E75DD2326EDC4004156C3 /* Movie.swift in Sources */,
				0E76F9D923218C1C00AB208C /* AppDelegate.swift in Sources */,
				0E76F9F22321900900AB208C /* Color.swift in Sources */,
				0E85BBF9233BD7B00029C20C /* MovieCardView.swift in Sources */,
				0E76F9EF23218F6900AB208C /* Theme.swift in Sources */,
				0E76F9DB23218C1C00AB208C /* SceneDelegate.swift in Sources */,
				0E76F9F423219A5000AB208C /* SearchView.swift in Sources */,
				0E76F9DD23218C1C00AB208C /* MainView.swift in Sources */,
			);
			runOnlyForDeploymentPostprocessing = 0;
		};
/* End PBXSourcesBuildPhase section */

/* Begin PBXVariantGroup section */
		0E76F9E323218C1D00AB208C /* LaunchScreen.storyboard */ = {
			isa = PBXVariantGroup;
			children = (
				0E76F9E423218C1D00AB208C /* Base */,
			);
			name = LaunchScreen.storyboard;
			sourceTree = "<group>";
		};
/* End PBXVariantGroup section */

/* Begin XCBuildConfiguration section */
		0E76F9E723218C1D00AB208C /* Debug */ = {
			isa = XCBuildConfiguration;
			buildSettings = {
				ALWAYS_SEARCH_USER_PATHS = NO;
				CLANG_ANALYZER_NONNULL = YES;
				CLANG_ANALYZER_NUMBER_OBJECT_CONVERSION = YES_AGGRESSIVE;
				CLANG_CXX_LANGUAGE_STANDARD = "gnu++14";
				CLANG_CXX_LIBRARY = "libc++";
				CLANG_ENABLE_MODULES = YES;
				CLANG_ENABLE_OBJC_ARC = YES;
				CLANG_ENABLE_OBJC_WEAK = YES;
				CLANG_WARN_BLOCK_CAPTURE_AUTORELEASING = YES;
				CLANG_WARN_BOOL_CONVERSION = YES;
				CLANG_WARN_COMMA = YES;
				CLANG_WARN_CONSTANT_CONVERSION = YES;
				CLANG_WARN_DEPRECATED_OBJC_IMPLEMENTATIONS = YES;
				CLANG_WARN_DIRECT_OBJC_ISA_USAGE = YES_ERROR;
				CLANG_WARN_DOCUMENTATION_COMMENTS = YES;
				CLANG_WARN_EMPTY_BODY = YES;
				CLANG_WARN_ENUM_CONVERSION = YES;
				CLANG_WARN_INFINITE_RECURSION = YES;
				CLANG_WARN_INT_CONVERSION = YES;
				CLANG_WARN_NON_LITERAL_NULL_CONVERSION = YES;
				CLANG_WARN_OBJC_IMPLICIT_RETAIN_SELF = YES;
				CLANG_WARN_OBJC_LITERAL_CONVERSION = YES;
				CLANG_WARN_OBJC_ROOT_CLASS = YES_ERROR;
				CLANG_WARN_RANGE_LOOP_ANALYSIS = YES;
				CLANG_WARN_STRICT_PROTOTYPES = YES;
				CLANG_WARN_SUSPICIOUS_MOVE = YES;
				CLANG_WARN_UNGUARDED_AVAILABILITY = YES_AGGRESSIVE;
				CLANG_WARN_UNREACHABLE_CODE = YES;
				CLANG_WARN__DUPLICATE_METHOD_MATCH = YES;
				COPY_PHASE_STRIP = NO;
				DEBUG_INFORMATION_FORMAT = dwarf;
				ENABLE_STRICT_OBJC_MSGSEND = YES;
				ENABLE_TESTABILITY = YES;
				GCC_C_LANGUAGE_STANDARD = gnu11;
				GCC_DYNAMIC_NO_PIC = NO;
				GCC_NO_COMMON_BLOCKS = YES;
				GCC_OPTIMIZATION_LEVEL = 0;
				GCC_PREPROCESSOR_DEFINITIONS = (
					"DEBUG=1",
					"$(inherited)",
				);
				GCC_WARN_64_TO_32_BIT_CONVERSION = YES;
				GCC_WARN_ABOUT_RETURN_TYPE = YES_ERROR;
				GCC_WARN_UNDECLARED_SELECTOR = YES;
				GCC_WARN_UNINITIALIZED_AUTOS = YES_AGGRESSIVE;
				GCC_WARN_UNUSED_FUNCTION = YES;
				GCC_WARN_UNUSED_VARIABLE = YES;
				IPHONEOS_DEPLOYMENT_TARGET = 13.0;
				MTL_ENABLE_DEBUG_INFO = INCLUDE_SOURCE;
				MTL_FAST_MATH = YES;
				ONLY_ACTIVE_ARCH = YES;
				SDKROOT = iphoneos;
				SWIFT_ACTIVE_COMPILATION_CONDITIONS = DEBUG;
				SWIFT_OPTIMIZATION_LEVEL = "-Onone";
			};
			name = Debug;
		};
		0E76F9E823218C1D00AB208C /* Release */ = {
			isa = XCBuildConfiguration;
			buildSettings = {
				ALWAYS_SEARCH_USER_PATHS = NO;
				CLANG_ANALYZER_NONNULL = YES;
				CLANG_ANALYZER_NUMBER_OBJECT_CONVERSION = YES_AGGRESSIVE;
				CLANG_CXX_LANGUAGE_STANDARD = "gnu++14";
				CLANG_CXX_LIBRARY = "libc++";
				CLANG_ENABLE_MODULES = YES;
				CLANG_ENABLE_OBJC_ARC = YES;
				CLANG_ENABLE_OBJC_WEAK = YES;
				CLANG_WARN_BLOCK_CAPTURE_AUTORELEASING = YES;
				CLANG_WARN_BOOL_CONVERSION = YES;
				CLANG_WARN_COMMA = YES;
				CLANG_WARN_CONSTANT_CONVERSION = YES;
				CLANG_WARN_DEPRECATED_OBJC_IMPLEMENTATIONS = YES;
				CLANG_WARN_DIRECT_OBJC_ISA_USAGE = YES_ERROR;
				CLANG_WARN_DOCUMENTATION_COMMENTS = YES;
				CLANG_WARN_EMPTY_BODY = YES;
				CLANG_WARN_ENUM_CONVERSION = YES;
				CLANG_WARN_INFINITE_RECURSION = YES;
				CLANG_WARN_INT_CONVERSION = YES;
				CLANG_WARN_NON_LITERAL_NULL_CONVERSION = YES;
				CLANG_WARN_OBJC_IMPLICIT_RETAIN_SELF = YES;
				CLANG_WARN_OBJC_LITERAL_CONVERSION = YES;
				CLANG_WARN_OBJC_ROOT_CLASS = YES_ERROR;
				CLANG_WARN_RANGE_LOOP_ANALYSIS = YES;
				CLANG_WARN_STRICT_PROTOTYPES = YES;
				CLANG_WARN_SUSPICIOUS_MOVE = YES;
				CLANG_WARN_UNGUARDED_AVAILABILITY = YES_AGGRESSIVE;
				CLANG_WARN_UNREACHABLE_CODE = YES;
				CLANG_WARN__DUPLICATE_METHOD_MATCH = YES;
				COPY_PHASE_STRIP = NO;
				DEBUG_INFORMATION_FORMAT = "dwarf-with-dsym";
				ENABLE_NS_ASSERTIONS = NO;
				ENABLE_STRICT_OBJC_MSGSEND = YES;
				GCC_C_LANGUAGE_STANDARD = gnu11;
				GCC_NO_COMMON_BLOCKS = YES;
				GCC_WARN_64_TO_32_BIT_CONVERSION = YES;
				GCC_WARN_ABOUT_RETURN_TYPE = YES_ERROR;
				GCC_WARN_UNDECLARED_SELECTOR = YES;
				GCC_WARN_UNINITIALIZED_AUTOS = YES_AGGRESSIVE;
				GCC_WARN_UNUSED_FUNCTION = YES;
				GCC_WARN_UNUSED_VARIABLE = YES;
				IPHONEOS_DEPLOYMENT_TARGET = 13.0;
				MTL_ENABLE_DEBUG_INFO = NO;
				MTL_FAST_MATH = YES;
				SDKROOT = iphoneos;
				SWIFT_COMPILATION_MODE = wholemodule;
				SWIFT_OPTIMIZATION_LEVEL = "-O";
				VALIDATE_PRODUCT = YES;
			};
			name = Release;
		};
		0E76F9EA23218C1D00AB208C /* Debug */ = {
			isa = XCBuildConfiguration;
			baseConfigurationReference = 9F2EE0DA6877822059E8E3D7 /* Pods-movies.debug.xcconfig */;
			buildSettings = {
				ASSETCATALOG_COMPILER_APPICON_NAME = AppIcon;
				CODE_SIGN_STYLE = Automatic;
				DEVELOPMENT_ASSET_PATHS = "\"movies/Preview Content\"";
				DEVELOPMENT_TEAM = JZ52N42723;
				ENABLE_PREVIEWS = YES;
				INFOPLIST_FILE = movies/Info.plist;
				LD_RUNPATH_SEARCH_PATHS = (
					"$(inherited)",
					"@executable_path/Frameworks",
				);
				PRODUCT_BUNDLE_IDENTIFIER = com.nikolouzos.movies;
				PRODUCT_NAME = "$(TARGET_NAME)";
				SWIFT_VERSION = 5.0;
				TARGETED_DEVICE_FAMILY = "1,2";
			};
			name = Debug;
		};
		0E76F9EB23218C1D00AB208C /* Release */ = {
			isa = XCBuildConfiguration;
			baseConfigurationReference = B561255334F404730318CF16 /* Pods-movies.release.xcconfig */;
			buildSettings = {
				ASSETCATALOG_COMPILER_APPICON_NAME = AppIcon;
				CODE_SIGN_STYLE = Automatic;
				DEVELOPMENT_ASSET_PATHS = "\"movies/Preview Content\"";
				DEVELOPMENT_TEAM = JZ52N42723;
				ENABLE_PREVIEWS = YES;
				INFOPLIST_FILE = movies/Info.plist;
				LD_RUNPATH_SEARCH_PATHS = (
					"$(inherited)",
					"@executable_path/Frameworks",
				);
				PRODUCT_BUNDLE_IDENTIFIER = com.nikolouzos.movies;
				PRODUCT_NAME = "$(TARGET_NAME)";
				SWIFT_VERSION = 5.0;
				TARGETED_DEVICE_FAMILY = "1,2";
			};
			name = Release;
		};
/* End XCBuildConfiguration section */

/* Begin XCConfigurationList section */
		0E76F9D023218C1C00AB208C /* Build configuration list for PBXProject "movies" */ = {
			isa = XCConfigurationList;
			buildConfigurations = (
				0E76F9E723218C1D00AB208C /* Debug */,
				0E76F9E823218C1D00AB208C /* Release */,
			);
			defaultConfigurationIsVisible = 0;
			defaultConfigurationName = Release;
		};
		0E76F9E923218C1D00AB208C /* Build configuration list for PBXNativeTarget "movies" */ = {
			isa = XCConfigurationList;
			buildConfigurations = (
				0E76F9EA23218C1D00AB208C /* Debug */,
				0E76F9EB23218C1D00AB208C /* Release */,
			);
			defaultConfigurationIsVisible = 0;
			defaultConfigurationName = Release;
		};
/* End XCConfigurationList section */
	};
	rootObject = 0E76F9CD23218C1C00AB208C /* Project object */;
}
